
Microsoft Visual Studio Solution File, Format Version 12.00
# Visual Studio Version 17
VisualStudioVersion = 17.0.31903.59
MinimumVisualStudioVersion = 10.0.40219.1
Project("{FAE04EC0-301F-11D3-BF4B-00C04F79EFBC}") = "Example.ConsoleConsumer", "Example.ConsoleConsumer\Example.ConsoleConsumer.csproj", "{0A6F4B1F-324B-4FE7-B0AC-01A448125B69}"
EndProject
Project("{FAE04EC0-301F-11D3-BF4B-00C04F79EFBC}") = "Example.ConsoleProducer", "Example.ConsoleProducer\Example.ConsoleProducer.csproj", "{8FDA9246-D73F-4F97-9D43-CE92EB75FCB2}"
EndProject
Global
	GlobalSection(SolutionConfigurationPlatforms) = preSolution
		Debug|Any CPU = Debug|Any CPU
		Release|Any CPU = Release|Any CPU
	EndGlobalSection
	GlobalSection(SolutionProperties) = preSolution
		HideSolutionNode = FALSE
	EndGlobalSection
	GlobalSection(ProjectConfigurationPlatforms) = postSolution
		{0A6F4B1F-324B-4FE7-B0AC-01A448125B69}.Debug|Any CPU.ActiveCfg = Debug|Any CPU
		{0A6F4B1F-324B-4FE7-B0AC-01A448125B69}.Debug|Any CPU.Build.0 = Debug|Any CPU
		{0A6F4B1F-324B-4FE7-B0AC-01A448125B69}.Release|Any CPU.ActiveCfg = Release|Any CPU
		{0A6F4B1F-324B-4FE7-B0AC-01A448125B69}.Release|Any CPU.Build.0 = Release|Any CPU
		{8FDA9246-D73F-4F97-9D43-CE92EB75FCB2}.Debug|Any CPU.ActiveCfg = Debug|Any CPU
		{8FDA9246-D73F-4F97-9D43-CE92EB75FCB2}.Debug|Any CPU.Build.0 = Debug|Any CPU
		{8FDA9246-D73F-4F97-9D43-CE92EB75FCB2}.Release|Any CPU.ActiveCfg = Release|Any CPU
		{8FDA9246-D73F-4F97-9D43-CE92EB75FCB2}.Release|Any CPU.Build.0 = Release|Any CPU
	EndGlobalSection
EndGlobal
